
Microsoft Visual Studio Solution File, Format Version 12.00
# Visual Studio Version 17
VisualStudioVersion = 17.6.33723.286
MinimumVisualStudioVersion = 10.0.40219.1
Project("{2150E333-8FDC-42A3-9474-1A3956D46DE8}") = "Services", "Services", "{105584C4-A424-4916-BE96-3A8E6BA28CDF}"
EndProject
Project("{2150E333-8FDC-42A3-9474-1A3956D46DE8}") = "Catalog", "Catalog", "{D0900450-2D68-4093-861F-721B65E26C4E}"
EndProject
Project("{9A19103F-16F7-4668-BE54-9A1E7A4F7556}") = "FreeCourse.Services.Catalog", "Services\Catalog\FreeCourse.Services.Catalog\FreeCourse.Services.Catalog.csproj", "{C5D44455-AD2A-450C-9D2F-B3DB1D999EED}"
EndProject
Project("{2150E333-8FDC-42A3-9474-1A3956D46DE8}") = "Solution Items", "Solution Items", "{748609A1-9B6F-4E4E-869E-5F7D4593E17A}"
	ProjectSection(SolutionItems) = preProject
		Ports.txt = Ports.txt
	EndProjectSection
EndProject
Project("{2150E333-8FDC-42A3-9474-1A3956D46DE8}") = "Shared", "Shared", "{FD555A2E-5B18-47AC-8F02-64CE5F21475B}"
EndProject
Project("{9A19103F-16F7-4668-BE54-9A1E7A4F7556}") = "FreeCourse.Shared", "Shared\FreeCourse.Shared\FreeCourse.Shared.csproj", "{EB8E5124-6571-47E9-81F7-D6AAA296CE40}"
EndProject
Project("{2150E333-8FDC-42A3-9474-1A3956D46DE8}") = "IdentityServer", "IdentityServer", "{3AA34F62-1346-4938-8475-A67D971B5968}"
EndProject
Project("{9A19103F-16F7-4668-BE54-9A1E7A4F7556}") = "FreeCourse.IdentityServer", "IdentityServer\FreeCourse.IdentityServer\FreeCourse.IdentityServer.csproj", "{B04F6EED-C33E-4EF8-A5B9-059ADADC765A}"
EndProject
Project("{2150E333-8FDC-42A3-9474-1A3956D46DE8}") = "PhotoStock", "PhotoStock", "{01B064B8-A960-4237-978A-A202CEBB64A0}"
EndProject
Project("{9A19103F-16F7-4668-BE54-9A1E7A4F7556}") = "FreeCourse.Services.PhotoStock", "Services\PhotoStock\FreeCourse.Services.PhotoStock\FreeCourse.Services.PhotoStock.csproj", "{CD0F413E-BF18-4A2E-B0D5-F47AAAD7AB7D}"
EndProject
Project("{2150E333-8FDC-42A3-9474-1A3956D46DE8}") = "Basket", "Basket", "{392B7751-34CF-4297-B3E6-B6D2E9567FD0}"
EndProject
Project("{2150E333-8FDC-42A3-9474-1A3956D46DE8}") = "Discount", "Discount", "{29B1433F-BCD5-4FC1-8BD4-E7F6B48370A5}"
EndProject
Project("{9A19103F-16F7-4668-BE54-9A1E7A4F7556}") = "FreeCourse.Services.Discount", "Services\Discount\FreeCourse.Services.Discount\FreeCourse.Services.Discount.csproj", "{8340D4CF-CF40-49DB-B70E-D78F3B5FB523}"
EndProject
Project("{9A19103F-16F7-4668-BE54-9A1E7A4F7556}") = "FreeCourse.Services.Basket", "Services\Basket\FreeCourse.Services.Basket\FreeCourse.Services.Basket.csproj", "{FFB793CF-3CC6-45A5-AF41-1D2D731C8904}"
EndProject
Project("{2150E333-8FDC-42A3-9474-1A3956D46DE8}") = "Order", "Order", "{2B8CF758-F0E2-446C-98F8-C11903972D74}"
EndProject
Project("{9A19103F-16F7-4668-BE54-9A1E7A4F7556}") = "FreeCourse.Services.Order.API", "Services\Order\FreeCourse.Services.Order.API\FreeCourse.Services.Order.API.csproj", "{CE317007-9FC1-4CCB-BD70-C5B4511F86A4}"
EndProject
Project("{9A19103F-16F7-4668-BE54-9A1E7A4F7556}") = "FreeCourse.Services.Order.Application", "Services\Order\FreeCourse.Services.Order.Application\FreeCourse.Services.Order.Application.csproj", "{C708DE77-0A4E-4465-A8B2-82A24058E2A6}"
EndProject
Project("{9A19103F-16F7-4668-BE54-9A1E7A4F7556}") = "FreeCourse.Services.Order.Domain", "Services\Order\FreeCourse.Services.Order.Domain\FreeCourse.Services.Order.Domain.csproj", "{B98A014F-5461-496E-8505-6E2A2E3BC185}"
EndProject
Project("{9A19103F-16F7-4668-BE54-9A1E7A4F7556}") = "FreeCourse.Services.Order.Domain.Core", "Services\Order\FreeCourse.Services.Order.Domain.Core\FreeCourse.Services.Order.Domain.Core.csproj", "{3C9F8A01-A79D-4A5A-B199-1632CE4D7C66}"
EndProject
Project("{9A19103F-16F7-4668-BE54-9A1E7A4F7556}") = "FreeCourse.Services.Order.Infrastucture", "Services\Order\FreeCourse.Services.Order.Infrastucture\FreeCourse.Services.Order.Infrastucture.csproj", "{CBE2332C-F53E-4FE1-A57E-0B394EB9F052}"
EndProject
Project("{2150E333-8FDC-42A3-9474-1A3956D46DE8}") = "FakePayment", "FakePayment", "{A82B093B-7AD1-4F88-9198-274B55F7310D}"
EndProject
Project("{9A19103F-16F7-4668-BE54-9A1E7A4F7556}") = "FreeCourse.Services.FakePayment", "Services\FakePayment\FreeCourse.Services.FakePayment\FreeCourse.Services.FakePayment.csproj", "{6404B514-20DB-457C-BF1F-1B3D32FC26DC}"
EndProject
Project("{2150E333-8FDC-42A3-9474-1A3956D46DE8}") = "Gateways", "Gateways", "{72CCD3C4-B934-4105-B910-5A051F5DE1DA}"
EndProject
Project("{2150E333-8FDC-42A3-9474-1A3956D46DE8}") = "Frontents", "Frontents", "{180A45B3-0027-400C-9081-E848D6F25D6A}"
EndProject
Project("{9A19103F-16F7-4668-BE54-9A1E7A4F7556}") = "FreeCourse.Web", "Frontents\FreeCourse.Web\FreeCourse.Web.csproj", "{21AEBAA1-D7B1-4FC4-A816-9B7778645D18}"
EndProject
Project("{9A19103F-16F7-4668-BE54-9A1E7A4F7556}") = "FreeCourse.Gateway", "Gateways\FreeCourse.Gateway\FreeCourse.Gateway.csproj", "{4A791AA3-2C22-4D46-A9EB-94487163DD79}"
EndProject
Global
	GlobalSection(SolutionConfigurationPlatforms) = preSolution
		Debug|Any CPU = Debug|Any CPU
		Release|Any CPU = Release|Any CPU
	EndGlobalSection
	GlobalSection(ProjectConfigurationPlatforms) = postSolution
		{C5D44455-AD2A-450C-9D2F-B3DB1D999EED}.Debug|Any CPU.ActiveCfg = Debug|Any CPU
		{C5D44455-AD2A-450C-9D2F-B3DB1D999EED}.Debug|Any CPU.Build.0 = Debug|Any CPU
		{C5D44455-AD2A-450C-9D2F-B3DB1D999EED}.Release|Any CPU.ActiveCfg = Release|Any CPU
		{C5D44455-AD2A-450C-9D2F-B3DB1D999EED}.Release|Any CPU.Build.0 = Release|Any CPU
		{EB8E5124-6571-47E9-81F7-D6AAA296CE40}.Debug|Any CPU.ActiveCfg = Debug|Any CPU
		{EB8E5124-6571-47E9-81F7-D6AAA296CE40}.Debug|Any CPU.Build.0 = Debug|Any CPU
		{EB8E5124-6571-47E9-81F7-D6AAA296CE40}.Release|Any CPU.ActiveCfg = Release|Any CPU
		{EB8E5124-6571-47E9-81F7-D6AAA296CE40}.Release|Any CPU.Build.0 = Release|Any CPU
		{B04F6EED-C33E-4EF8-A5B9-059ADADC765A}.Debug|Any CPU.ActiveCfg = Debug|Any CPU
		{B04F6EED-C33E-4EF8-A5B9-059ADADC765A}.Debug|Any CPU.Build.0 = Debug|Any CPU
		{B04F6EED-C33E-4EF8-A5B9-059ADADC765A}.Release|Any CPU.ActiveCfg = Release|Any CPU
		{B04F6EED-C33E-4EF8-A5B9-059ADADC765A}.Release|Any CPU.Build.0 = Release|Any CPU
		{CD0F413E-BF18-4A2E-B0D5-F47AAAD7AB7D}.Debug|Any CPU.ActiveCfg = Debug|Any CPU
		{CD0F413E-BF18-4A2E-B0D5-F47AAAD7AB7D}.Debug|Any CPU.Build.0 = Debug|Any CPU
		{CD0F413E-BF18-4A2E-B0D5-F47AAAD7AB7D}.Release|Any CPU.ActiveCfg = Release|Any CPU
		{CD0F413E-BF18-4A2E-B0D5-F47AAAD7AB7D}.Release|Any CPU.Build.0 = Release|Any CPU
		{8340D4CF-CF40-49DB-B70E-D78F3B5FB523}.Debug|Any CPU.ActiveCfg = Debug|Any CPU
		{8340D4CF-CF40-49DB-B70E-D78F3B5FB523}.Debug|Any CPU.Build.0 = Debug|Any CPU
		{8340D4CF-CF40-49DB-B70E-D78F3B5FB523}.Release|Any CPU.ActiveCfg = Release|Any CPU
		{8340D4CF-CF40-49DB-B70E-D78F3B5FB523}.Release|Any CPU.Build.0 = Release|Any CPU
		{FFB793CF-3CC6-45A5-AF41-1D2D731C8904}.Debug|Any CPU.ActiveCfg = Debug|Any CPU
		{FFB793CF-3CC6-45A5-AF41-1D2D731C8904}.Debug|Any CPU.Build.0 = Debug|Any CPU
		{FFB793CF-3CC6-45A5-AF41-1D2D731C8904}.Release|Any CPU.ActiveCfg = Release|Any CPU
		{FFB793CF-3CC6-45A5-AF41-1D2D731C8904}.Release|Any CPU.Build.0 = Release|Any CPU
		{CE317007-9FC1-4CCB-BD70-C5B4511F86A4}.Debug|Any CPU.ActiveCfg = Debug|Any CPU
		{CE317007-9FC1-4CCB-BD70-C5B4511F86A4}.Debug|Any CPU.Build.0 = Debug|Any CPU
		{CE317007-9FC1-4CCB-BD70-C5B4511F86A4}.Release|Any CPU.ActiveCfg = Release|Any CPU
		{CE317007-9FC1-4CCB-BD70-C5B4511F86A4}.Release|Any CPU.Build.0 = Release|Any CPU
		{C708DE77-0A4E-4465-A8B2-82A24058E2A6}.Debug|Any CPU.ActiveCfg = Debug|Any CPU
		{C708DE77-0A4E-4465-A8B2-82A24058E2A6}.Debug|Any CPU.Build.0 = Debug|Any CPU
		{C708DE77-0A4E-4465-A8B2-82A24058E2A6}.Release|Any CPU.ActiveCfg = Release|Any CPU
		{C708DE77-0A4E-4465-A8B2-82A24058E2A6}.Release|Any CPU.Build.0 = Release|Any CPU
		{B98A014F-5461-496E-8505-6E2A2E3BC185}.Debug|Any CPU.ActiveCfg = Debug|Any CPU
		{B98A014F-5461-496E-8505-6E2A2E3BC185}.Debug|Any CPU.Build.0 = Debug|Any CPU
		{B98A014F-5461-496E-8505-6E2A2E3BC185}.Release|Any CPU.ActiveCfg = Release|Any CPU
		{B98A014F-5461-496E-8505-6E2A2E3BC185}.Release|Any CPU.Build.0 = Release|Any CPU
		{3C9F8A01-A79D-4A5A-B199-1632CE4D7C66}.Debug|Any CPU.ActiveCfg = Debug|Any CPU
		{3C9F8A01-A79D-4A5A-B199-1632CE4D7C66}.Debug|Any CPU.Build.0 = Debug|Any CPU
		{3C9F8A01-A79D-4A5A-B199-1632CE4D7C66}.Release|Any CPU.ActiveCfg = Release|Any CPU
		{3C9F8A01-A79D-4A5A-B199-1632CE4D7C66}.Release|Any CPU.Build.0 = Release|Any CPU
		{CBE2332C-F53E-4FE1-A57E-0B394EB9F052}.Debug|Any CPU.ActiveCfg = Debug|Any CPU
		{CBE2332C-F53E-4FE1-A57E-0B394EB9F052}.Debug|Any CPU.Build.0 = Debug|Any CPU
		{CBE2332C-F53E-4FE1-A57E-0B394EB9F052}.Release|Any CPU.ActiveCfg = Release|Any CPU
		{CBE2332C-F53E-4FE1-A57E-0B394EB9F052}.Release|Any CPU.Build.0 = Release|Any CPU
		{6404B514-20DB-457C-BF1F-1B3D32FC26DC}.Debug|Any CPU.ActiveCfg = Debug|Any CPU
		{6404B514-20DB-457C-BF1F-1B3D32FC26DC}.Debug|Any CPU.Build.0 = Debug|Any CPU
		{6404B514-20DB-457C-BF1F-1B3D32FC26DC}.Release|Any CPU.ActiveCfg = Release|Any CPU
		{6404B514-20DB-457C-BF1F-1B3D32FC26DC}.Release|Any CPU.Build.0 = Release|Any CPU
		{21AEBAA1-D7B1-4FC4-A816-9B7778645D18}.Debug|Any CPU.ActiveCfg = Debug|Any CPU
		{21AEBAA1-D7B1-4FC4-A816-9B7778645D18}.Debug|Any CPU.Build.0 = Debug|Any CPU
		{21AEBAA1-D7B1-4FC4-A816-9B7778645D18}.Release|Any CPU.ActiveCfg = Release|Any CPU
		{21AEBAA1-D7B1-4FC4-A816-9B7778645D18}.Release|Any CPU.Build.0 = Release|Any CPU
		{4A791AA3-2C22-4D46-A9EB-94487163DD79}.Debug|Any CPU.ActiveCfg = Debug|Any CPU
		{4A791AA3-2C22-4D46-A9EB-94487163DD79}.Debug|Any CPU.Build.0 = Debug|Any CPU
		{4A791AA3-2C22-4D46-A9EB-94487163DD79}.Release|Any CPU.ActiveCfg = Release|Any CPU
		{4A791AA3-2C22-4D46-A9EB-94487163DD79}.Release|Any CPU.Build.0 = Release|Any CPU
	EndGlobalSection
	GlobalSection(SolutionProperties) = preSolution
		HideSolutionNode = FALSE
	EndGlobalSection
	GlobalSection(NestedProjects) = preSolution
		{D0900450-2D68-4093-861F-721B65E26C4E} = {105584C4-A424-4916-BE96-3A8E6BA28CDF}
		{C5D44455-AD2A-450C-9D2F-B3DB1D999EED} = {D0900450-2D68-4093-861F-721B65E26C4E}
		{EB8E5124-6571-47E9-81F7-D6AAA296CE40} = {FD555A2E-5B18-47AC-8F02-64CE5F21475B}
		{B04F6EED-C33E-4EF8-A5B9-059ADADC765A} = {3AA34F62-1346-4938-8475-A67D971B5968}
		{01B064B8-A960-4237-978A-A202CEBB64A0} = {105584C4-A424-4916-BE96-3A8E6BA28CDF}
		{CD0F413E-BF18-4A2E-B0D5-F47AAAD7AB7D} = {01B064B8-A960-4237-978A-A202CEBB64A0}
		{392B7751-34CF-4297-B3E6-B6D2E9567FD0} = {105584C4-A424-4916-BE96-3A8E6BA28CDF}
		{29B1433F-BCD5-4FC1-8BD4-E7F6B48370A5} = {105584C4-A424-4916-BE96-3A8E6BA28CDF}
		{8340D4CF-CF40-49DB-B70E-D78F3B5FB523} = {29B1433F-BCD5-4FC1-8BD4-E7F6B48370A5}
		{FFB793CF-3CC6-45A5-AF41-1D2D731C8904} = {392B7751-34CF-4297-B3E6-B6D2E9567FD0}
		{2B8CF758-F0E2-446C-98F8-C11903972D74} = {105584C4-A424-4916-BE96-3A8E6BA28CDF}
		{CE317007-9FC1-4CCB-BD70-C5B4511F86A4} = {2B8CF758-F0E2-446C-98F8-C11903972D74}
		{C708DE77-0A4E-4465-A8B2-82A24058E2A6} = {2B8CF758-F0E2-446C-98F8-C11903972D74}
		{B98A014F-5461-496E-8505-6E2A2E3BC185} = {2B8CF758-F0E2-446C-98F8-C11903972D74}
		{3C9F8A01-A79D-4A5A-B199-1632CE4D7C66} = {2B8CF758-F0E2-446C-98F8-C11903972D74}
		{CBE2332C-F53E-4FE1-A57E-0B394EB9F052} = {2B8CF758-F0E2-446C-98F8-C11903972D74}
		{A82B093B-7AD1-4F88-9198-274B55F7310D} = {105584C4-A424-4916-BE96-3A8E6BA28CDF}
		{6404B514-20DB-457C-BF1F-1B3D32FC26DC} = {A82B093B-7AD1-4F88-9198-274B55F7310D}
		{21AEBAA1-D7B1-4FC4-A816-9B7778645D18} = {180A45B3-0027-400C-9081-E848D6F25D6A}
		{4A791AA3-2C22-4D46-A9EB-94487163DD79} = {72CCD3C4-B934-4105-B910-5A051F5DE1DA}
	EndGlobalSection
	GlobalSection(ExtensibilityGlobals) = postSolution
		SolutionGuid = {C8932677-D6BF-4AA6-BDCF-FB8AE7B07450}
	EndGlobalSection
EndGlobal
